PODS:
  - Defaults (1.0.0)
  - LaunchAtLogin (2.5.0)

DEPENDENCIES:
  - Defaults
  - LaunchAtLogin

SPEC REPOS:
  https://github.com/cocoapods/specs.git:
    - Defaults
    - LaunchAtLogin

SPEC CHECKSUMS:
  Defaults: 03670ce02760a4421bd156ebe0f3a8d56c23230b
  LaunchAtLogin: 550b0cbbdaf1b13f87a0fab6a3f8e2fbafe067fe

PODFILE CHECKSUM: 5a7a65583f0af24512da0e4717085664d00a13e8

COCOAPODS: 1.5.3
